dependencies:
- name: postgresql
  repository: https://charts.bitnami.com/bitnami
  version: 16.7.27
- name: cert-manager
  repository: https://charts.jetstack.io
  version: v1.19.2
- name: rustfs
  repository: https://charts.rustfs.com
  version: 0.3.0
digest: sha256:9a74f1f1df6dd9c759e2bbbf12306f4f40aba08fd33a76fc764da7dbeedb8bb5
generated: "2026-05-19T10:51:04.82493-03:00"
