dependencies:
- name: postgresql
  repository: https://charts.bitnami.com/bitnami
  version: 16.7.21
- name: minio
  repository: https://charts.bitnami.com/bitnami
  version: 17.0.16
digest: sha256:c3697ab8505d64ec77b8a85b6dc16202a199b8318e6ed4f6b6fe386c3001a578
generated: "2025-08-01T13:47:55.88319-03:00"
